
Microsoft Visual Studio Solution File, Format Version 12.00
# Visual Studio Version 16
VisualStudioVersion = 16.0.32901.82
MinimumVisualStudioVersion = 10.0.40219.1
Project("{FAE04EC0-301F-11D3-BF4B-00C04F79EFBC}") = "patientregistration", "patientregistration\patientregistration.csproj", "{8CA2762F-8609-4FA7-A03C-798293102446}"
EndProject
Global
	GlobalSection(SolutionConfigurationPlatforms) = preSolution
		Debug|Any CPU = Debug|Any CPU
		Release|Any CPU = Release|Any CPU
	EndGlobalSection
	GlobalSection(ProjectConfigurationPlatforms) = postSolution
		{8CA2762F-8609-4FA7-A03C-798293102446}.Debug|Any CPU.ActiveCfg = Debug|Any CPU
		{8CA2762F-8609-4FA7-A03C-798293102446}.Debug|Any CPU.Build.0 = Debug|Any CPU
		{8CA2762F-8609-4FA7-A03C-798293102446}.Release|Any CPU.ActiveCfg = Release|Any CPU
		{8CA2762F-8609-4FA7-A03C-798293102446}.Release|Any CPU.Build.0 = Release|Any CPU
	EndGlobalSection
	GlobalSection(SolutionProperties) = preSolution
		HideSolutionNode = FALSE
	EndGlobalSection
	GlobalSection(ExtensibilityGlobals) = postSolution
		SolutionGuid = {70F67D92-8906-4A1F-AED9-C7478ECB30E0}
	EndGlobalSection
EndGlobal
